
Microsoft Visual Studio Solution File, Format Version 12.00
# Visual Studio Version 17
VisualStudioVersion = 17.0.32112.339
MinimumVisualStudioVersion = 10.0.40219.1
Project("{9A19103F-16F7-4668-BE54-9A1E7A4F7556}") = "ArraysEhMetodos.ConsoleApp", "ArraysEhMetodos.ConsoleApp\ArraysEhMetodos.ConsoleApp.csproj", "{351D4EED-25E0-415B-9591-80250224D6CE}"
EndProject
Global
	GlobalSection(SolutionConfigurationPlatforms) = preSolution
		Debug|Any CPU = Debug|Any CPU
		Release|Any CPU = Release|Any CPU
	EndGlobalSection
	GlobalSection(ProjectConfigurationPlatforms) = postSolution
		{351D4EED-25E0-415B-9591-80250224D6CE}.Debug|Any CPU.ActiveCfg = Debug|Any CPU
		{351D4EED-25E0-415B-9591-80250224D6CE}.Debug|Any CPU.Build.0 = Debug|Any CPU
		{351D4EED-25E0-415B-9591-80250224D6CE}.Release|Any CPU.ActiveCfg = Release|Any CPU
		{351D4EED-25E0-415B-9591-80250224D6CE}.Release|Any CPU.Build.0 = Release|Any CPU
	EndGlobalSection
	GlobalSection(SolutionProperties) = preSolution
		HideSolutionNode = FALSE
	EndGlobalSection
	GlobalSection(ExtensibilityGlobals) = postSolution
		SolutionGuid = {9511FC37-A3AA-4BA9-A99A-EAA36637ACFF}
	EndGlobalSection
EndGlobal
